
Microsoft Visual Studio Solution File, Format Version 12.00
# Visual Studio 15
VisualStudioVersion = 15.0.26124.0
MinimumVisualStudioVersion = 15.0.26124.0
Project("{F2A71F9B-5D33-465A-A702-920D77279786}") = "FBus", "FBus\FBus.fsproj", "{989CEDE9-9735-4F7E-91BC-826524D5068D}"
EndProject
Project("{F2A71F9B-5D33-465A-A702-920D77279786}") = "FBus.Tests", "FBus.Tests\FBus.Tests.fsproj", "{BCF0DB34-12ED-4FEF-AD2B-5423D123897C}"
EndProject
Project("{2150E333-8FDC-42A3-9474-1A3956D46DE8}") = "samples", "samples", "{676221DE-F0BE-4D9E-9329-28DEF7BD900E}"
EndProject
Project("{F2A71F9B-5D33-465A-A702-920D77279786}") = "client", "samples\client\client.fsproj", "{BA69898F-2F17-42D9-AFD3-0E24881AFD28}"
EndProject
Project("{F2A71F9B-5D33-465A-A702-920D77279786}") = "server-generichost", "samples\server-generichost\server-generichost.fsproj", "{BB85A4CE-36EB-41B8-9C01-3D1B0B418A35}"
EndProject
Project("{F2A71F9B-5D33-465A-A702-920D77279786}") = "common", "samples\common\common.fsproj", "{F18AD2B6-E3BB-4F2B-A0D4-A4593325EC7F}"
EndProject
Project("{F2A71F9B-5D33-465A-A702-920D77279786}") = "server-console", "samples\server-console\server-console.fsproj", "{15A95F29-9FCE-4855-A357-F591F90C9688}"
EndProject
Project("{F2A71F9B-5D33-465A-A702-920D77279786}") = "in-memory", "samples\in-memory\in-memory.fsproj", "{945256AA-7AE6-4507-A744-6B7BF73A1BD9}"
EndProject
Project("{F2A71F9B-5D33-465A-A702-920D77279786}") = "FBus.PerformanceTests", "FBus.PerformanceTests\FBus.PerformanceTests.fsproj", "{7BD34588-8328-49D7-BC3E-0820D7ADE8BE}"
EndProject
Project("{F2A71F9B-5D33-465A-A702-920D77279786}") = "FBus.RabbitMQ", "FBus.RabbitMQ\FBus.RabbitMQ.fsproj", "{7C8E2B9B-0CAB-4E1B-BACA-59254487FC82}"
EndProject
Project("{F2A71F9B-5D33-465A-A702-920D77279786}") = "FBus.GenericHost", "FBus.GenericHost\FBus.GenericHost.fsproj", "{F7BF1405-2850-4581-94CD-77E92B05A187}"
EndProject
Project("{F2A71F9B-5D33-465A-A702-920D77279786}") = "FBus.Json", "FBus.Json\FBus.Json.fsproj", "{7226B684-5A39-46D3-9723-AAA1BBF5BD16}"
EndProject
Project("{F2A71F9B-5D33-465A-A702-920D77279786}") = "FBus.GenericHost.Tests", "FBus.GenericHost.Tests\FBus.GenericHost.Tests.fsproj", "{BACE0688-5B4C-4FAF-8DEC-B8ACCF8B5ADD}"
EndProject
Project("{F2A71F9B-5D33-465A-A702-920D77279786}") = "FBus.Json.Tests", "FBus.Json.Tests\FBus.Json.Tests.fsproj", "{2FB54F54-FB3C-4FC3-952D-F8A951DABE3C}"
EndProject
Project("{F2A71F9B-5D33-465A-A702-920D77279786}") = "FBus.RabbitMQ.Tests", "FBus.RabbitMQ.Tests\FBus.RabbitMQ.Tests.fsproj", "{9929CAE2-E2EE-4B9B-BB4C-E5C2B0B789FD}"
EndProject
Project("{F2A71F9B-5D33-465A-A702-920D77279786}") = "FBus.QuickStart", "FBus.QuickStart\FBus.QuickStart.fsproj", "{153527B9-00A6-4C99-B1AF-27C02E4D559A}"
EndProject
Project("{2150E333-8FDC-42A3-9474-1A3956D46DE8}") = "stress-test", "stress-test", "{D1A1A01A-5201-45AA-91A2-3243560336AD}"
EndProject
Project("{F2A71F9B-5D33-465A-A702-920D77279786}") = "client", "stress-test\client\client.fsproj", "{4A3B9ADE-B2CE-4CA2-8C30-838BF8B45DE1}"
EndProject
Project("{F2A71F9B-5D33-465A-A702-920D77279786}") = "server", "stress-test\server\server.fsproj", "{2A00F1DD-D117-4B79-849B-8593A8BEC0B1}"
EndProject
Project("{F2A71F9B-5D33-465A-A702-920D77279786}") = "common", "stress-test\common\common.fsproj", "{2EF65816-D209-4A60-81C4-68C904CD2E04}"
EndProject
Project("{FAE04EC0-301F-11D3-BF4B-00C04F79EFBC}") = "server-generichost-cs", "samples\server-generichost-cs\server-generichost-cs.csproj", "{F5954BD8-A5FF-4FE3-B0F4-DE955A8214B4}"
EndProject
Global
	GlobalSection(SolutionConfigurationPlatforms) = preSolution
		Debug|Any CPU = Debug|Any CPU
		Debug|x64 = Debug|x64
		Debug|x86 = Debug|x86
		Release|Any CPU = Release|Any CPU
		Release|x64 = Release|x64
		Release|x86 = Release|x86
	EndGlobalSection
	GlobalSection(SolutionProperties) = preSolution
		HideSolutionNode = FALSE
	EndGlobalSection
	GlobalSection(ProjectConfigurationPlatforms) = postSolution
		{153527B9-00A6-4C99-B1AF-27C02E4D559A}.Debug|Any CPU.ActiveCfg = Debug|Any CPU
		{153527B9-00A6-4C99-B1AF-27C02E4D559A}.Debug|Any CPU.Build.0 = Debug|Any CPU
		{153527B9-00A6-4C99-B1AF-27C02E4D559A}.Debug|x64.ActiveCfg = Debug|Any CPU
		{153527B9-00A6-4C99-B1AF-27C02E4D559A}.Debug|x64.Build.0 = Debug|Any CPU
		{153527B9-00A6-4C99-B1AF-27C02E4D559A}.Debug|x86.ActiveCfg = Debug|Any CPU
		{153527B9-00A6-4C99-B1AF-27C02E4D559A}.Debug|x86.Build.0 = Debug|Any CPU
		{153527B9-00A6-4C99-B1AF-27C02E4D559A}.Release|Any CPU.ActiveCfg = Release|Any CPU
		{153527B9-00A6-4C99-B1AF-27C02E4D559A}.Release|Any CPU.Build.0 = Release|Any CPU
		{153527B9-00A6-4C99-B1AF-27C02E4D559A}.Release|x64.ActiveCfg = Release|Any CPU
		{153527B9-00A6-4C99-B1AF-27C02E4D559A}.Release|x64.Build.0 = Release|Any CPU
		{153527B9-00A6-4C99-B1AF-27C02E4D559A}.Release|x86.ActiveCfg = Release|Any CPU
		{153527B9-00A6-4C99-B1AF-27C02E4D559A}.Release|x86.Build.0 = Release|Any CPU
		{BCF0DB34-12ED-4FEF-AD2B-5423D123897C}.Debug|Any CPU.ActiveCfg = Debug|Any CPU
		{BCF0DB34-12ED-4FEF-AD2B-5423D123897C}.Debug|Any CPU.Build.0 = Debug|Any CPU
		{BCF0DB34-12ED-4FEF-AD2B-5423D123897C}.Debug|x64.ActiveCfg = Debug|Any CPU
		{BCF0DB34-12ED-4FEF-AD2B-5423D123897C}.Debug|x64.Build.0 = Debug|Any CPU
		{BCF0DB34-12ED-4FEF-AD2B-5423D123897C}.Debug|x86.ActiveCfg = Debug|Any CPU
		{BCF0DB34-12ED-4FEF-AD2B-5423D123897C}.Debug|x86.Build.0 = Debug|Any CPU
		{BCF0DB34-12ED-4FEF-AD2B-5423D123897C}.Release|Any CPU.ActiveCfg = Release|Any CPU
		{BCF0DB34-12ED-4FEF-AD2B-5423D123897C}.Release|Any CPU.Build.0 = Release|Any CPU
		{BCF0DB34-12ED-4FEF-AD2B-5423D123897C}.Release|x64.ActiveCfg = Release|Any CPU
		{BCF0DB34-12ED-4FEF-AD2B-5423D123897C}.Release|x64.Build.0 = Release|Any CPU
		{BCF0DB34-12ED-4FEF-AD2B-5423D123897C}.Release|x86.ActiveCfg = Release|Any CPU
		{BCF0DB34-12ED-4FEF-AD2B-5423D123897C}.Release|x86.Build.0 = Release|Any CPU
		{BA69898F-2F17-42D9-AFD3-0E24881AFD28}.Debug|Any CPU.ActiveCfg = Debug|Any CPU
		{BA69898F-2F17-42D9-AFD3-0E24881AFD28}.Debug|Any CPU.Build.0 = Debug|Any CPU
		{BA69898F-2F17-42D9-AFD3-0E24881AFD28}.Debug|x64.ActiveCfg = Debug|Any CPU
		{BA69898F-2F17-42D9-AFD3-0E24881AFD28}.Debug|x64.Build.0 = Debug|Any CPU
		{BA69898F-2F17-42D9-AFD3-0E24881AFD28}.Debug|x86.ActiveCfg = Debug|Any CPU
		{BA69898F-2F17-42D9-AFD3-0E24881AFD28}.Debug|x86.Build.0 = Debug|Any CPU
		{BA69898F-2F17-42D9-AFD3-0E24881AFD28}.Release|Any CPU.ActiveCfg = Release|Any CPU
		{BA69898F-2F17-42D9-AFD3-0E24881AFD28}.Release|Any CPU.Build.0 = Release|Any CPU
		{BA69898F-2F17-42D9-AFD3-0E24881AFD28}.Release|x64.ActiveCfg = Release|Any CPU
		{BA69898F-2F17-42D9-AFD3-0E24881AFD28}.Release|x64.Build.0 = Release|Any CPU
		{BA69898F-2F17-42D9-AFD3-0E24881AFD28}.Release|x86.ActiveCfg = Release|Any CPU
		{BA69898F-2F17-42D9-AFD3-0E24881AFD28}.Release|x86.Build.0 = Release|Any CPU
		{BB85A4CE-36EB-41B8-9C01-3D1B0B418A35}.Debug|Any CPU.ActiveCfg = Debug|Any CPU
		{BB85A4CE-36EB-41B8-9C01-3D1B0B418A35}.Debug|Any CPU.Build.0 = Debug|Any CPU
		{BB85A4CE-36EB-41B8-9C01-3D1B0B418A35}.Debug|x64.ActiveCfg = Debug|Any CPU
		{BB85A4CE-36EB-41B8-9C01-3D1B0B418A35}.Debug|x64.Build.0 = Debug|Any CPU
		{BB85A4CE-36EB-41B8-9C01-3D1B0B418A35}.Debug|x86.ActiveCfg = Debug|Any CPU
		{BB85A4CE-36EB-41B8-9C01-3D1B0B418A35}.Debug|x86.Build.0 = Debug|Any CPU
		{BB85A4CE-36EB-41B8-9C01-3D1B0B418A35}.Release|Any CPU.ActiveCfg = Release|Any CPU
		{BB85A4CE-36EB-41B8-9C01-3D1B0B418A35}.Release|Any CPU.Build.0 = Release|Any CPU
		{BB85A4CE-36EB-41B8-9C01-3D1B0B418A35}.Release|x64.ActiveCfg = Release|Any CPU
		{BB85A4CE-36EB-41B8-9C01-3D1B0B418A35}.Release|x64.Build.0 = Release|Any CPU
		{BB85A4CE-36EB-41B8-9C01-3D1B0B418A35}.Release|x86.ActiveCfg = Release|Any CPU
		{BB85A4CE-36EB-41B8-9C01-3D1B0B418A35}.Release|x86.Build.0 = Release|Any CPU
		{F18AD2B6-E3BB-4F2B-A0D4-A4593325EC7F}.Debug|Any CPU.ActiveCfg = Debug|Any CPU
		{F18AD2B6-E3BB-4F2B-A0D4-A4593325EC7F}.Debug|Any CPU.Build.0 = Debug|Any CPU
		{F18AD2B6-E3BB-4F2B-A0D4-A4593325EC7F}.Debug|x64.ActiveCfg = Debug|Any CPU
		{F18AD2B6-E3BB-4F2B-A0D4-A4593325EC7F}.Debug|x64.Build.0 = Debug|Any CPU
		{F18AD2B6-E3BB-4F2B-A0D4-A4593325EC7F}.Debug|x86.ActiveCfg = Debug|Any CPU
		{F18AD2B6-E3BB-4F2B-A0D4-A4593325EC7F}.Debug|x86.Build.0 = Debug|Any CPU
		{F18AD2B6-E3BB-4F2B-A0D4-A4593325EC7F}.Release|Any CPU.ActiveCfg = Release|Any CPU
		{F18AD2B6-E3BB-4F2B-A0D4-A4593325EC7F}.Release|Any CPU.Build.0 = Release|Any CPU
		{F18AD2B6-E3BB-4F2B-A0D4-A4593325EC7F}.Release|x64.ActiveCfg = Release|Any CPU
		{F18AD2B6-E3BB-4F2B-A0D4-A4593325EC7F}.Release|x64.Build.0 = Release|Any CPU
		{F18AD2B6-E3BB-4F2B-A0D4-A4593325EC7F}.Release|x86.ActiveCfg = Release|Any CPU
		{F18AD2B6-E3BB-4F2B-A0D4-A4593325EC7F}.Release|x86.Build.0 = Release|Any CPU
		{15A95F29-9FCE-4855-A357-F591F90C9688}.Debug|Any CPU.ActiveCfg = Debug|Any CPU
		{15A95F29-9FCE-4855-A357-F591F90C9688}.Debug|Any CPU.Build.0 = Debug|Any CPU
		{15A95F29-9FCE-4855-A357-F591F90C9688}.Debug|x64.ActiveCfg = Debug|Any CPU
		{15A95F29-9FCE-4855-A357-F591F90C9688}.Debug|x64.Build.0 = Debug|Any CPU
		{15A95F29-9FCE-4855-A357-F591F90C9688}.Debug|x86.ActiveCfg = Debug|Any CPU
		{15A95F29-9FCE-4855-A357-F591F90C9688}.Debug|x86.Build.0 = Debug|Any CPU
		{15A95F29-9FCE-4855-A357-F591F90C9688}.Release|Any CPU.ActiveCfg = Release|Any CPU
		{15A95F29-9FCE-4855-A357-F591F90C9688}.Release|Any CPU.Build.0 = Release|Any CPU
		{15A95F29-9FCE-4855-A357-F591F90C9688}.Release|x64.ActiveCfg = Release|Any CPU
		{15A95F29-9FCE-4855-A357-F591F90C9688}.Release|x64.Build.0 = Release|Any CPU
		{15A95F29-9FCE-4855-A357-F591F90C9688}.Release|x86.ActiveCfg = Release|Any CPU
		{15A95F29-9FCE-4855-A357-F591F90C9688}.Release|x86.Build.0 = Release|Any CPU
		{945256AA-7AE6-4507-A744-6B7BF73A1BD9}.Debug|Any CPU.ActiveCfg = Debug|Any CPU
		{945256AA-7AE6-4507-A744-6B7BF73A1BD9}.Debug|Any CPU.Build.0 = Debug|Any CPU
		{945256AA-7AE6-4507-A744-6B7BF73A1BD9}.Debug|x64.ActiveCfg = Debug|Any CPU
		{945256AA-7AE6-4507-A744-6B7BF73A1BD9}.Debug|x64.Build.0 = Debug|Any CPU
		{945256AA-7AE6-4507-A744-6B7BF73A1BD9}.Debug|x86.ActiveCfg = Debug|Any CPU
		{945256AA-7AE6-4507-A744-6B7BF73A1BD9}.Debug|x86.Build.0 = Debug|Any CPU
		{945256AA-7AE6-4507-A744-6B7BF73A1BD9}.Release|Any CPU.ActiveCfg = Release|Any CPU
		{945256AA-7AE6-4507-A744-6B7BF73A1BD9}.Release|Any CPU.Build.0 = Release|Any CPU
		{945256AA-7AE6-4507-A744-6B7BF73A1BD9}.Release|x64.ActiveCfg = Release|Any CPU
		{945256AA-7AE6-4507-A744-6B7BF73A1BD9}.Release|x64.Build.0 = Release|Any CPU
		{945256AA-7AE6-4507-A744-6B7BF73A1BD9}.Release|x86.ActiveCfg = Release|Any CPU
		{945256AA-7AE6-4507-A744-6B7BF73A1BD9}.Release|x86.Build.0 = Release|Any CPU
		{793B3471-414D-41E6-BCE1-F4F844CBAC3E}.Debug|Any CPU.ActiveCfg = Debug|Any CPU
		{793B3471-414D-41E6-BCE1-F4F844CBAC3E}.Debug|Any CPU.Build.0 = Debug|Any CPU
		{793B3471-414D-41E6-BCE1-F4F844CBAC3E}.Debug|x64.ActiveCfg = Debug|Any CPU
		{793B3471-414D-41E6-BCE1-F4F844CBAC3E}.Debug|x64.Build.0 = Debug|Any CPU
		{793B3471-414D-41E6-BCE1-F4F844CBAC3E}.Debug|x86.ActiveCfg = Debug|Any CPU
		{793B3471-414D-41E6-BCE1-F4F844CBAC3E}.Debug|x86.Build.0 = Debug|Any CPU
		{793B3471-414D-41E6-BCE1-F4F844CBAC3E}.Release|Any CPU.ActiveCfg = Release|Any CPU
		{793B3471-414D-41E6-BCE1-F4F844CBAC3E}.Release|Any CPU.Build.0 = Release|Any CPU
		{793B3471-414D-41E6-BCE1-F4F844CBAC3E}.Release|x64.ActiveCfg = Release|Any CPU
		{793B3471-414D-41E6-BCE1-F4F844CBAC3E}.Release|x64.Build.0 = Release|Any CPU
		{793B3471-414D-41E6-BCE1-F4F844CBAC3E}.Release|x86.ActiveCfg = Release|Any CPU
		{793B3471-414D-41E6-BCE1-F4F844CBAC3E}.Release|x86.Build.0 = Release|Any CPU
		{7BD34588-8328-49D7-BC3E-0820D7ADE8BE}.Debug|Any CPU.ActiveCfg = Debug|Any CPU
		{7BD34588-8328-49D7-BC3E-0820D7ADE8BE}.Debug|Any CPU.Build.0 = Debug|Any CPU
		{7BD34588-8328-49D7-BC3E-0820D7ADE8BE}.Debug|x64.ActiveCfg = Debug|Any CPU
		{7BD34588-8328-49D7-BC3E-0820D7ADE8BE}.Debug|x64.Build.0 = Debug|Any CPU
		{7BD34588-8328-49D7-BC3E-0820D7ADE8BE}.Debug|x86.ActiveCfg = Debug|Any CPU
		{7BD34588-8328-49D7-BC3E-0820D7ADE8BE}.Debug|x86.Build.0 = Debug|Any CPU
		{7BD34588-8328-49D7-BC3E-0820D7ADE8BE}.Release|Any CPU.ActiveCfg = Release|Any CPU
		{7BD34588-8328-49D7-BC3E-0820D7ADE8BE}.Release|Any CPU.Build.0 = Release|Any CPU
		{7BD34588-8328-49D7-BC3E-0820D7ADE8BE}.Release|x64.ActiveCfg = Release|Any CPU
		{7BD34588-8328-49D7-BC3E-0820D7ADE8BE}.Release|x64.Build.0 = Release|Any CPU
		{7BD34588-8328-49D7-BC3E-0820D7ADE8BE}.Release|x86.ActiveCfg = Release|Any CPU
		{7BD34588-8328-49D7-BC3E-0820D7ADE8BE}.Release|x86.Build.0 = Release|Any CPU
		{7C8E2B9B-0CAB-4E1B-BACA-59254487FC82}.Debug|Any CPU.ActiveCfg = Debug|Any CPU
		{7C8E2B9B-0CAB-4E1B-BACA-59254487FC82}.Debug|Any CPU.Build.0 = Debug|Any CPU
		{7C8E2B9B-0CAB-4E1B-BACA-59254487FC82}.Debug|x64.ActiveCfg = Debug|Any CPU
		{7C8E2B9B-0CAB-4E1B-BACA-59254487FC82}.Debug|x64.Build.0 = Debug|Any CPU
		{7C8E2B9B-0CAB-4E1B-BACA-59254487FC82}.Debug|x86.ActiveCfg = Debug|Any CPU
		{7C8E2B9B-0CAB-4E1B-BACA-59254487FC82}.Debug|x86.Build.0 = Debug|Any CPU
		{7C8E2B9B-0CAB-4E1B-BACA-59254487FC82}.Release|Any CPU.ActiveCfg = Release|Any CPU
		{7C8E2B9B-0CAB-4E1B-BACA-59254487FC82}.Release|Any CPU.Build.0 = Release|Any CPU
		{7C8E2B9B-0CAB-4E1B-BACA-59254487FC82}.Release|x64.ActiveCfg = Release|Any CPU
		{7C8E2B9B-0CAB-4E1B-BACA-59254487FC82}.Release|x64.Build.0 = Release|Any CPU
		{7C8E2B9B-0CAB-4E1B-BACA-59254487FC82}.Release|x86.ActiveCfg = Release|Any CPU
		{7C8E2B9B-0CAB-4E1B-BACA-59254487FC82}.Release|x86.Build.0 = Release|Any CPU
		{C2AAD320-7636-4ABF-A974-0EB6ECDDD502}.Debug|Any CPU.ActiveCfg = Debug|Any CPU
		{C2AAD320-7636-4ABF-A974-0EB6ECDDD502}.Debug|Any CPU.Build.0 = Debug|Any CPU
		{C2AAD320-7636-4ABF-A974-0EB6ECDDD502}.Debug|x64.ActiveCfg = Debug|Any CPU
		{C2AAD320-7636-4ABF-A974-0EB6ECDDD502}.Debug|x64.Build.0 = Debug|Any CPU
		{C2AAD320-7636-4ABF-A974-0EB6ECDDD502}.Debug|x86.ActiveCfg = Debug|Any CPU
		{C2AAD320-7636-4ABF-A974-0EB6ECDDD502}.Debug|x86.Build.0 = Debug|Any CPU
		{C2AAD320-7636-4ABF-A974-0EB6ECDDD502}.Release|Any CPU.ActiveCfg = Release|Any CPU
		{C2AAD320-7636-4ABF-A974-0EB6ECDDD502}.Release|Any CPU.Build.0 = Release|Any CPU
		{C2AAD320-7636-4ABF-A974-0EB6ECDDD502}.Release|x64.ActiveCfg = Release|Any CPU
		{C2AAD320-7636-4ABF-A974-0EB6ECDDD502}.Release|x64.Build.0 = Release|Any CPU
		{C2AAD320-7636-4ABF-A974-0EB6ECDDD502}.Release|x86.ActiveCfg = Release|Any CPU
		{C2AAD320-7636-4ABF-A974-0EB6ECDDD502}.Release|x86.Build.0 = Release|Any CPU
		{F7BF1405-2850-4581-94CD-77E92B05A187}.Debug|Any CPU.ActiveCfg = Debug|Any CPU
		{F7BF1405-2850-4581-94CD-77E92B05A187}.Debug|Any CPU.Build.0 = Debug|Any CPU
		{F7BF1405-2850-4581-94CD-77E92B05A187}.Debug|x64.ActiveCfg = Debug|Any CPU
		{F7BF1405-2850-4581-94CD-77E92B05A187}.Debug|x64.Build.0 = Debug|Any CPU
		{F7BF1405-2850-4581-94CD-77E92B05A187}.Debug|x86.ActiveCfg = Debug|Any CPU
		{F7BF1405-2850-4581-94CD-77E92B05A187}.Debug|x86.Build.0 = Debug|Any CPU
		{F7BF1405-2850-4581-94CD-77E92B05A187}.Release|Any CPU.ActiveCfg = Release|Any CPU
		{F7BF1405-2850-4581-94CD-77E92B05A187}.Release|Any CPU.Build.0 = Release|Any CPU
		{F7BF1405-2850-4581-94CD-77E92B05A187}.Release|x64.ActiveCfg = Release|Any CPU
		{F7BF1405-2850-4581-94CD-77E92B05A187}.Release|x64.Build.0 = Release|Any CPU
		{F7BF1405-2850-4581-94CD-77E92B05A187}.Release|x86.ActiveCfg = Release|Any CPU
		{F7BF1405-2850-4581-94CD-77E92B05A187}.Release|x86.Build.0 = Release|Any CPU
		{7226B684-5A39-46D3-9723-AAA1BBF5BD16}.Debug|Any CPU.ActiveCfg = Debug|Any CPU
		{7226B684-5A39-46D3-9723-AAA1BBF5BD16}.Debug|Any CPU.Build.0 = Debug|Any CPU
		{7226B684-5A39-46D3-9723-AAA1BBF5BD16}.Debug|x64.ActiveCfg = Debug|Any CPU
		{7226B684-5A39-46D3-9723-AAA1BBF5BD16}.Debug|x64.Build.0 = Debug|Any CPU
		{7226B684-5A39-46D3-9723-AAA1BBF5BD16}.Debug|x86.ActiveCfg = Debug|Any CPU
		{7226B684-5A39-46D3-9723-AAA1BBF5BD16}.Debug|x86.Build.0 = Debug|Any CPU
		{7226B684-5A39-46D3-9723-AAA1BBF5BD16}.Release|Any CPU.ActiveCfg = Release|Any CPU
		{7226B684-5A39-46D3-9723-AAA1BBF5BD16}.Release|Any CPU.Build.0 = Release|Any CPU
		{7226B684-5A39-46D3-9723-AAA1BBF5BD16}.Release|x64.ActiveCfg = Release|Any CPU
		{7226B684-5A39-46D3-9723-AAA1BBF5BD16}.Release|x64.Build.0 = Release|Any CPU
		{7226B684-5A39-46D3-9723-AAA1BBF5BD16}.Release|x86.ActiveCfg = Release|Any CPU
		{7226B684-5A39-46D3-9723-AAA1BBF5BD16}.Release|x86.Build.0 = Release|Any CPU
		{BACE0688-5B4C-4FAF-8DEC-B8ACCF8B5ADD}.Debug|Any CPU.ActiveCfg = Debug|Any CPU
		{BACE0688-5B4C-4FAF-8DEC-B8ACCF8B5ADD}.Debug|Any CPU.Build.0 = Debug|Any CPU
		{BACE0688-5B4C-4FAF-8DEC-B8ACCF8B5ADD}.Debug|x64.ActiveCfg = Debug|Any CPU
		{BACE0688-5B4C-4FAF-8DEC-B8ACCF8B5ADD}.Debug|x64.Build.0 = Debug|Any CPU
		{BACE0688-5B4C-4FAF-8DEC-B8ACCF8B5ADD}.Debug|x86.ActiveCfg = Debug|Any CPU
		{BACE0688-5B4C-4FAF-8DEC-B8ACCF8B5ADD}.Debug|x86.Build.0 = Debug|Any CPU
		{BACE0688-5B4C-4FAF-8DEC-B8ACCF8B5ADD}.Release|Any CPU.ActiveCfg = Release|Any CPU
		{BACE0688-5B4C-4FAF-8DEC-B8ACCF8B5ADD}.Release|Any CPU.Build.0 = Release|Any CPU
		{BACE0688-5B4C-4FAF-8DEC-B8ACCF8B5ADD}.Release|x64.ActiveCfg = Release|Any CPU
		{BACE0688-5B4C-4FAF-8DEC-B8ACCF8B5ADD}.Release|x64.Build.0 = Release|Any CPU
		{BACE0688-5B4C-4FAF-8DEC-B8ACCF8B5ADD}.Release|x86.ActiveCfg = Release|Any CPU
		{BACE0688-5B4C-4FAF-8DEC-B8ACCF8B5ADD}.Release|x86.Build.0 = Release|Any CPU
		{1CC08561-312E-4E1D-8FD4-AC962D0CB6FB}.Debug|Any CPU.ActiveCfg = Debug|Any CPU
		{1CC08561-312E-4E1D-8FD4-AC962D0CB6FB}.Debug|Any CPU.Build.0 = Debug|Any CPU
		{1CC08561-312E-4E1D-8FD4-AC962D0CB6FB}.Debug|x64.ActiveCfg = Debug|Any CPU
		{1CC08561-312E-4E1D-8FD4-AC962D0CB6FB}.Debug|x64.Build.0 = Debug|Any CPU
		{1CC08561-312E-4E1D-8FD4-AC962D0CB6FB}.Debug|x86.ActiveCfg = Debug|Any CPU
		{1CC08561-312E-4E1D-8FD4-AC962D0CB6FB}.Debug|x86.Build.0 = Debug|Any CPU
		{1CC08561-312E-4E1D-8FD4-AC962D0CB6FB}.Release|Any CPU.ActiveCfg = Release|Any CPU
		{1CC08561-312E-4E1D-8FD4-AC962D0CB6FB}.Release|Any CPU.Build.0 = Release|Any CPU
		{1CC08561-312E-4E1D-8FD4-AC962D0CB6FB}.Release|x64.ActiveCfg = Release|Any CPU
		{1CC08561-312E-4E1D-8FD4-AC962D0CB6FB}.Release|x64.Build.0 = Release|Any CPU
		{1CC08561-312E-4E1D-8FD4-AC962D0CB6FB}.Release|x86.ActiveCfg = Release|Any CPU
		{1CC08561-312E-4E1D-8FD4-AC962D0CB6FB}.Release|x86.Build.0 = Release|Any CPU
		{2FB54F54-FB3C-4FC3-952D-F8A951DABE3C}.Debug|Any CPU.ActiveCfg = Debug|Any CPU
		{2FB54F54-FB3C-4FC3-952D-F8A951DABE3C}.Debug|Any CPU.Build.0 = Debug|Any CPU
		{2FB54F54-FB3C-4FC3-952D-F8A951DABE3C}.Debug|x64.ActiveCfg = Debug|Any CPU
		{2FB54F54-FB3C-4FC3-952D-F8A951DABE3C}.Debug|x64.Build.0 = Debug|Any CPU
		{2FB54F54-FB3C-4FC3-952D-F8A951DABE3C}.Debug|x86.ActiveCfg = Debug|Any CPU
		{2FB54F54-FB3C-4FC3-952D-F8A951DABE3C}.Debug|x86.Build.0 = Debug|Any CPU
		{2FB54F54-FB3C-4FC3-952D-F8A951DABE3C}.Release|Any CPU.ActiveCfg = Release|Any CPU
		{2FB54F54-FB3C-4FC3-952D-F8A951DABE3C}.Release|Any CPU.Build.0 = Release|Any CPU
		{2FB54F54-FB3C-4FC3-952D-F8A951DABE3C}.Release|x64.ActiveCfg = Release|Any CPU
		{2FB54F54-FB3C-4FC3-952D-F8A951DABE3C}.Release|x64.Build.0 = Release|Any CPU
		{2FB54F54-FB3C-4FC3-952D-F8A951DABE3C}.Release|x86.ActiveCfg = Release|Any CPU
		{2FB54F54-FB3C-4FC3-952D-F8A951DABE3C}.Release|x86.Build.0 = Release|Any CPU
		{9929CAE2-E2EE-4B9B-BB4C-E5C2B0B789FD}.Debug|Any CPU.ActiveCfg = Debug|Any CPU
		{9929CAE2-E2EE-4B9B-BB4C-E5C2B0B789FD}.Debug|Any CPU.Build.0 = Debug|Any CPU
		{9929CAE2-E2EE-4B9B-BB4C-E5C2B0B789FD}.Debug|x64.ActiveCfg = Debug|Any CPU
		{9929CAE2-E2EE-4B9B-BB4C-E5C2B0B789FD}.Debug|x64.Build.0 = Debug|Any CPU
		{9929CAE2-E2EE-4B9B-BB4C-E5C2B0B789FD}.Debug|x86.ActiveCfg = Debug|Any CPU
		{9929CAE2-E2EE-4B9B-BB4C-E5C2B0B789FD}.Debug|x86.Build.0 = Debug|Any CPU
		{9929CAE2-E2EE-4B9B-BB4C-E5C2B0B789FD}.Release|Any CPU.ActiveCfg = Release|Any CPU
		{9929CAE2-E2EE-4B9B-BB4C-E5C2B0B789FD}.Release|Any CPU.Build.0 = Release|Any CPU
		{9929CAE2-E2EE-4B9B-BB4C-E5C2B0B789FD}.Release|x64.ActiveCfg = Release|Any CPU
		{9929CAE2-E2EE-4B9B-BB4C-E5C2B0B789FD}.Release|x64.Build.0 = Release|Any CPU
		{9929CAE2-E2EE-4B9B-BB4C-E5C2B0B789FD}.Release|x86.ActiveCfg = Release|Any CPU
		{9929CAE2-E2EE-4B9B-BB4C-E5C2B0B789FD}.Release|x86.Build.0 = Release|Any CPU
		{989CEDE9-9735-4F7E-91BC-826524D5068D}.Debug|Any CPU.ActiveCfg = Debug|Any CPU
		{989CEDE9-9735-4F7E-91BC-826524D5068D}.Debug|Any CPU.Build.0 = Debug|Any CPU
		{989CEDE9-9735-4F7E-91BC-826524D5068D}.Debug|x64.ActiveCfg = Debug|Any CPU
		{989CEDE9-9735-4F7E-91BC-826524D5068D}.Debug|x64.Build.0 = Debug|Any CPU
		{989CEDE9-9735-4F7E-91BC-826524D5068D}.Debug|x86.ActiveCfg = Debug|Any CPU
		{989CEDE9-9735-4F7E-91BC-826524D5068D}.Debug|x86.Build.0 = Debug|Any CPU
		{989CEDE9-9735-4F7E-91BC-826524D5068D}.Release|Any CPU.ActiveCfg = Release|Any CPU
		{989CEDE9-9735-4F7E-91BC-826524D5068D}.Release|Any CPU.Build.0 = Release|Any CPU
		{989CEDE9-9735-4F7E-91BC-826524D5068D}.Release|x64.ActiveCfg = Release|Any CPU
		{989CEDE9-9735-4F7E-91BC-826524D5068D}.Release|x64.Build.0 = Release|Any CPU
		{989CEDE9-9735-4F7E-91BC-826524D5068D}.Release|x86.ActiveCfg = Release|Any CPU
		{989CEDE9-9735-4F7E-91BC-826524D5068D}.Release|x86.Build.0 = Release|Any CPU
		{4A3B9ADE-B2CE-4CA2-8C30-838BF8B45DE1}.Debug|Any CPU.ActiveCfg = Debug|Any CPU
		{4A3B9ADE-B2CE-4CA2-8C30-838BF8B45DE1}.Debug|Any CPU.Build.0 = Debug|Any CPU
		{4A3B9ADE-B2CE-4CA2-8C30-838BF8B45DE1}.Debug|x64.ActiveCfg = Debug|Any CPU
		{4A3B9ADE-B2CE-4CA2-8C30-838BF8B45DE1}.Debug|x64.Build.0 = Debug|Any CPU
		{4A3B9ADE-B2CE-4CA2-8C30-838BF8B45DE1}.Debug|x86.ActiveCfg = Debug|Any CPU
		{4A3B9ADE-B2CE-4CA2-8C30-838BF8B45DE1}.Debug|x86.Build.0 = Debug|Any CPU
		{4A3B9ADE-B2CE-4CA2-8C30-838BF8B45DE1}.Release|Any CPU.ActiveCfg = Release|Any CPU
		{4A3B9ADE-B2CE-4CA2-8C30-838BF8B45DE1}.Release|Any CPU.Build.0 = Release|Any CPU
		{4A3B9ADE-B2CE-4CA2-8C30-838BF8B45DE1}.Release|x64.ActiveCfg = Release|Any CPU
		{4A3B9ADE-B2CE-4CA2-8C30-838BF8B45DE1}.Release|x64.Build.0 = Release|Any CPU
		{4A3B9ADE-B2CE-4CA2-8C30-838BF8B45DE1}.Release|x86.ActiveCfg = Release|Any CPU
		{4A3B9ADE-B2CE-4CA2-8C30-838BF8B45DE1}.Release|x86.Build.0 = Release|Any CPU
		{2A00F1DD-D117-4B79-849B-8593A8BEC0B1}.Debug|Any CPU.ActiveCfg = Debug|Any CPU
		{2A00F1DD-D117-4B79-849B-8593A8BEC0B1}.Debug|Any CPU.Build.0 = Debug|Any CPU
		{2A00F1DD-D117-4B79-849B-8593A8BEC0B1}.Debug|x64.ActiveCfg = Debug|Any CPU
		{2A00F1DD-D117-4B79-849B-8593A8BEC0B1}.Debug|x64.Build.0 = Debug|Any CPU
		{2A00F1DD-D117-4B79-849B-8593A8BEC0B1}.Debug|x86.ActiveCfg = Debug|Any CPU
		{2A00F1DD-D117-4B79-849B-8593A8BEC0B1}.Debug|x86.Build.0 = Debug|Any CPU
		{2A00F1DD-D117-4B79-849B-8593A8BEC0B1}.Release|Any CPU.ActiveCfg = Release|Any CPU
		{2A00F1DD-D117-4B79-849B-8593A8BEC0B1}.Release|Any CPU.Build.0 = Release|Any CPU
		{2A00F1DD-D117-4B79-849B-8593A8BEC0B1}.Release|x64.ActiveCfg = Release|Any CPU
		{2A00F1DD-D117-4B79-849B-8593A8BEC0B1}.Release|x64.Build.0 = Release|Any CPU
		{2A00F1DD-D117-4B79-849B-8593A8BEC0B1}.Release|x86.ActiveCfg = Release|Any CPU
		{2A00F1DD-D117-4B79-849B-8593A8BEC0B1}.Release|x86.Build.0 = Release|Any CPU
		{2EF65816-D209-4A60-81C4-68C904CD2E04}.Debug|Any CPU.ActiveCfg = Debug|Any CPU
		{2EF65816-D209-4A60-81C4-68C904CD2E04}.Debug|Any CPU.Build.0 = Debug|Any CPU
		{2EF65816-D209-4A60-81C4-68C904CD2E04}.Debug|x64.ActiveCfg = Debug|Any CPU
		{2EF65816-D209-4A60-81C4-68C904CD2E04}.Debug|x64.Build.0 = Debug|Any CPU
		{2EF65816-D209-4A60-81C4-68C904CD2E04}.Debug|x86.ActiveCfg = Debug|Any CPU
		{2EF65816-D209-4A60-81C4-68C904CD2E04}.Debug|x86.Build.0 = Debug|Any CPU
		{2EF65816-D209-4A60-81C4-68C904CD2E04}.Release|Any CPU.ActiveCfg = Release|Any CPU
		{2EF65816-D209-4A60-81C4-68C904CD2E04}.Release|Any CPU.Build.0 = Release|Any CPU
		{2EF65816-D209-4A60-81C4-68C904CD2E04}.Release|x64.ActiveCfg = Release|Any CPU
		{2EF65816-D209-4A60-81C4-68C904CD2E04}.Release|x64.Build.0 = Release|Any CPU
		{2EF65816-D209-4A60-81C4-68C904CD2E04}.Release|x86.ActiveCfg = Release|Any CPU
		{2EF65816-D209-4A60-81C4-68C904CD2E04}.Release|x86.Build.0 = Release|Any CPU
		{F5954BD8-A5FF-4FE3-B0F4-DE955A8214B4}.Debug|Any CPU.ActiveCfg = Debug|Any CPU
		{F5954BD8-A5FF-4FE3-B0F4-DE955A8214B4}.Debug|Any CPU.Build.0 = Debug|Any CPU
		{F5954BD8-A5FF-4FE3-B0F4-DE955A8214B4}.Debug|x64.ActiveCfg = Debug|Any CPU
		{F5954BD8-A5FF-4FE3-B0F4-DE955A8214B4}.Debug|x64.Build.0 = Debug|Any CPU
		{F5954BD8-A5FF-4FE3-B0F4-DE955A8214B4}.Debug|x86.ActiveCfg = Debug|Any CPU
		{F5954BD8-A5FF-4FE3-B0F4-DE955A8214B4}.Debug|x86.Build.0 = Debug|Any CPU
		{F5954BD8-A5FF-4FE3-B0F4-DE955A8214B4}.Release|Any CPU.ActiveCfg = Release|Any CPU
		{F5954BD8-A5FF-4FE3-B0F4-DE955A8214B4}.Release|Any CPU.Build.0 = Release|Any CPU
		{F5954BD8-A5FF-4FE3-B0F4-DE955A8214B4}.Release|x64.ActiveCfg = Release|Any CPU
		{F5954BD8-A5FF-4FE3-B0F4-DE955A8214B4}.Release|x64.Build.0 = Release|Any CPU
		{F5954BD8-A5FF-4FE3-B0F4-DE955A8214B4}.Release|x86.ActiveCfg = Release|Any CPU
		{F5954BD8-A5FF-4FE3-B0F4-DE955A8214B4}.Release|x86.Build.0 = Release|Any CPU
	EndGlobalSection
	GlobalSection(NestedProjects) = preSolution
		{F18AD2B6-E3BB-4F2B-A0D4-A4593325EC7F} = {676221DE-F0BE-4D9E-9329-28DEF7BD900E}
		{15A95F29-9FCE-4855-A357-F591F90C9688} = {676221DE-F0BE-4D9E-9329-28DEF7BD900E}
		{BA69898F-2F17-42D9-AFD3-0E24881AFD28} = {676221DE-F0BE-4D9E-9329-28DEF7BD900E}
		{BB85A4CE-36EB-41B8-9C01-3D1B0B418A35} = {676221DE-F0BE-4D9E-9329-28DEF7BD900E}
		{945256AA-7AE6-4507-A744-6B7BF73A1BD9} = {676221DE-F0BE-4D9E-9329-28DEF7BD900E}
		{4A3B9ADE-B2CE-4CA2-8C30-838BF8B45DE1} = {D1A1A01A-5201-45AA-91A2-3243560336AD}
		{2A00F1DD-D117-4B79-849B-8593A8BEC0B1} = {D1A1A01A-5201-45AA-91A2-3243560336AD}
		{2EF65816-D209-4A60-81C4-68C904CD2E04} = {D1A1A01A-5201-45AA-91A2-3243560336AD}
		{F5954BD8-A5FF-4FE3-B0F4-DE955A8214B4} = {676221DE-F0BE-4D9E-9329-28DEF7BD900E}
	EndGlobalSection
EndGlobal
